
Microsoft Visual Studio Solution File, Format Version 12.00
# Visual Studio Version 16
VisualStudioVersion = 16.0.33927.289
MinimumVisualStudioVersion = 10.0.40219.1
Project("{2150E333-8FDC-42A3-9474-1A3956D46DE8}") = "Task0", "Task0", "{075BF23B-05B0-469A-997C-8E48448A9A34}"
EndProject
Project("{FAE04EC0-301F-11D3-BF4B-00C04F79EFBC}") = "Tyuiu.GalyameevMR.Sprint3.Task0.V26", "Tyuiu.GalyameevMR.Sprint3.Task0.V26\Tyuiu.GalyameevMR.Sprint3.Task0.V26.csproj", "{B8760406-FEBF-43B1-BFF3-8AC368235C35}"
EndProject
Project("{FAE04EC0-301F-11D3-BF4B-00C04F79EFBC}") = "Tyuiu.GalyameevMR.Sprint3.Task0.V26.Test", "Tyuiu.GalyameevMR.Sprint3.Task0.V26.Test\Tyuiu.GalyameevMR.Sprint3.Task0.V26.Test.csproj", "{9B23ABDF-AC03-4E50-9E9C-DFC8065DF3B4}"
EndProject
Project("{FAE04EC0-301F-11D3-BF4B-00C04F79EFBC}") = "Tyuiu.GalyameevMR.Sprint3.Task0.V26.Lib", "Tyuiu.GalyameevMR.Sprint3.Task0.V26.Lib\Tyuiu.GalyameevMR.Sprint3.Task0.V26.Lib.csproj", "{B0234636-2DE0-4337-9B3E-E2ABD7EED2B6}"
EndProject
Project("{2150E333-8FDC-42A3-9474-1A3956D46DE8}") = "Task2", "Task2", "{69D45BA1-0772-4065-8D7F-BE8A862B058B}"
EndProject
Project("{FAE04EC0-301F-11D3-BF4B-00C04F79EFBC}") = "Tyuiu.GalyameevMR.Sprint3.Task2.V27", "Tyuiu.GalyameevMR.Sprint3.Task2.V27\Tyuiu.GalyameevMR.Sprint3.Task2.V27.csproj", "{4095686B-2789-4EDE-A299-D31DA24808FB}"
EndProject
Project("{FAE04EC0-301F-11D3-BF4B-00C04F79EFBC}") = "Tyuiu.GalyameevMR.Sprint3.Task2.V27.Test", "Tyuiu.GalyameevMR.Sprint3.Task2.V27.Test\Tyuiu.GalyameevMR.Sprint3.Task2.V27.Test.csproj", "{4B256F47-15CC-4677-8C1D-6254ADFD093A}"
EndProject
Project("{FAE04EC0-301F-11D3-BF4B-00C04F79EFBC}") = "Tyuiu.GalyameevMR.Sprint3.Task2.V27.Lib", "Tyuiu.GalyameevMR.Sprint3.Task2.V27.Lib\Tyuiu.GalyameevMR.Sprint3.Task2.V27.Lib.csproj", "{FF9B1074-19E7-4E8B-8223-C55C9F1065D8}"
EndProject
Global
	GlobalSection(SolutionConfigurationPlatforms) = preSolution
		Debug|Any CPU = Debug|Any CPU
		Release|Any CPU = Release|Any CPU
	EndGlobalSection
	GlobalSection(ProjectConfigurationPlatforms) = postSolution
		{B8760406-FEBF-43B1-BFF3-8AC368235C35}.Debug|Any CPU.ActiveCfg = Debug|Any CPU
		{B8760406-FEBF-43B1-BFF3-8AC368235C35}.Debug|Any CPU.Build.0 = Debug|Any CPU
		{B8760406-FEBF-43B1-BFF3-8AC368235C35}.Release|Any CPU.ActiveCfg = Release|Any CPU
		{B8760406-FEBF-43B1-BFF3-8AC368235C35}.Release|Any CPU.Build.0 = Release|Any CPU
		{9B23ABDF-AC03-4E50-9E9C-DFC8065DF3B4}.Debug|Any CPU.ActiveCfg = Debug|Any CPU
		{9B23ABDF-AC03-4E50-9E9C-DFC8065DF3B4}.Debug|Any CPU.Build.0 = Debug|Any CPU
		{9B23ABDF-AC03-4E50-9E9C-DFC8065DF3B4}.Release|Any CPU.ActiveCfg = Release|Any CPU
		{9B23ABDF-AC03-4E50-9E9C-DFC8065DF3B4}.Release|Any CPU.Build.0 = Release|Any CPU
		{B0234636-2DE0-4337-9B3E-E2ABD7EED2B6}.Debug|Any CPU.ActiveCfg = Debug|Any CPU
		{B0234636-2DE0-4337-9B3E-E2ABD7EED2B6}.Debug|Any CPU.Build.0 = Debug|Any CPU
		{B0234636-2DE0-4337-9B3E-E2ABD7EED2B6}.Release|Any CPU.ActiveCfg = Release|Any CPU
		{B0234636-2DE0-4337-9B3E-E2ABD7EED2B6}.Release|Any CPU.Build.0 = Release|Any CPU
		{4095686B-2789-4EDE-A299-D31DA24808FB}.Debug|Any CPU.ActiveCfg = Debug|Any CPU
		{4095686B-2789-4EDE-A299-D31DA24808FB}.Debug|Any CPU.Build.0 = Debug|Any CPU
		{4095686B-2789-4EDE-A299-D31DA24808FB}.Release|Any CPU.ActiveCfg = Release|Any CPU
		{4095686B-2789-4EDE-A299-D31DA24808FB}.Release|Any CPU.Build.0 = Release|Any CPU
		{4B256F47-15CC-4677-8C1D-6254ADFD093A}.Debug|Any CPU.ActiveCfg = Debug|Any CPU
		{4B256F47-15CC-4677-8C1D-6254ADFD093A}.Debug|Any CPU.Build.0 = Debug|Any CPU
		{4B256F47-15CC-4677-8C1D-6254ADFD093A}.Release|Any CPU.ActiveCfg = Release|Any CPU
		{4B256F47-15CC-4677-8C1D-6254ADFD093A}.Release|Any CPU.Build.0 = Release|Any CPU
		{FF9B1074-19E7-4E8B-8223-C55C9F1065D8}.Debug|Any CPU.ActiveCfg = Debug|Any CPU
		{FF9B1074-19E7-4E8B-8223-C55C9F1065D8}.Debug|Any CPU.Build.0 = Debug|Any CPU
		{FF9B1074-19E7-4E8B-8223-C55C9F1065D8}.Release|Any CPU.ActiveCfg = Release|Any CPU
		{FF9B1074-19E7-4E8B-8223-C55C9F1065D8}.Release|Any CPU.Build.0 = Release|Any CPU
	EndGlobalSection
	GlobalSection(SolutionProperties) = preSolution
		HideSolutionNode = FALSE
	EndGlobalSection
	GlobalSection(NestedProjects) = preSolution
		{B8760406-FEBF-43B1-BFF3-8AC368235C35} = {075BF23B-05B0-469A-997C-8E48448A9A34}
		{9B23ABDF-AC03-4E50-9E9C-DFC8065DF3B4} = {075BF23B-05B0-469A-997C-8E48448A9A34}
		{B0234636-2DE0-4337-9B3E-E2ABD7EED2B6} = {075BF23B-05B0-469A-997C-8E48448A9A34}
		{4095686B-2789-4EDE-A299-D31DA24808FB} = {69D45BA1-0772-4065-8D7F-BE8A862B058B}
		{4B256F47-15CC-4677-8C1D-6254ADFD093A} = {69D45BA1-0772-4065-8D7F-BE8A862B058B}
		{FF9B1074-19E7-4E8B-8223-C55C9F1065D8} = {69D45BA1-0772-4065-8D7F-BE8A862B058B}
	EndGlobalSection
	GlobalSection(ExtensibilityGlobals) = postSolution
		SolutionGuid = {C7D968B6-D48E-410B-9789-8A25C3E2184C}
	EndGlobalSection
EndGlobal
